// !$*UTF8*$!
{
	archiveVersion = 1;
	classes = {
	};
	objectVersion = 46;
	objects = {

/* Begin PBXBuildFile section */
		41268DE31A067E6800FE2AE6 /* AppDelegate.swift in Sources */ = {isa = PBXBuildFile; fileRef = 41268DE21A067E6800FE2AE6 /* AppDelegate.swift */; };
		41268DE51A067E6800FE2AE6 /* ViewController.swift in Sources */ = {isa = PBXBuildFile; fileRef = 41268DE41A067E6800FE2AE6 /* ViewController.swift */; };
		41268DE81A067E6800FE2AE6 /* Main.storyboard in Resources */ = {isa = PBXBuildFile; fileRef = 41268DE61A067E6800FE2AE6 /* Main.storyboard */; };
		41268DEA1A067E6800FE2AE6 /* Images.xcassets in Resources */ = {isa = PBXBuildFile; fileRef = 41268DE91A067E6800FE2AE6 /* Images.xcassets */; };
		41268DED1A067E6800FE2AE6 /* LaunchScreen.xib in Resources */ = {isa = PBXBuildFile; fileRef = 41268DEB1A067E6800FE2AE6 /* LaunchScreen.xib */; };
		41268DF91A067E6800FE2AE6 /* TheChosenOne_SwiftTests.swift in Sources */ = {isa = PBXBuildFile; fileRef = 41268DF81A067E6800FE2AE6 /* TheChosenOne_SwiftTests.swift */; };
/* End PBXBuildFile section */

/* Begin PBXContainerItemProxy section */
		41268DF31A067E6800FE2AE6 /* PBXContainerItemProxy */ = {
			isa = PBXContainerItemProxy;
			containerPortal = 41268DD51A067E6800FE2AE6 /* Project object */;
			proxyType = 1;
			remoteGlobalIDString = 41268DDC1A067E6800FE2AE6;
			remoteInfo = "TheChosenOne-Swift";
		};
/* End PBXContainerItemProxy section */

/* Begin PBXFileReference section */
		41268DDD1A067E6800FE2AE6 /* TheChosenOne-Swift.app */ = {isa = PBXFileReference; explicitFileType = wrapper.application; includeInIndex = 0; path = "TheChosenOne-Swift.app"; sourceTree = BUILT_PRODUCTS_DIR; };
		41268DE11A067E6800FE2AE6 /* Info.plist */ = {isa = PBXFileReference; lastKnownFileType = text.plist.xml; path = Info.plist; sourceTree = "<group>"; };
		41268DE21A067E6800FE2AE6 /* AppDelegate.swift */ = {isa = PBXFileReference; lastKnownFileType = sourcecode.swift; path = AppDelegate.swift; sourceTree = "<group>"; };
		41268DE41A067E6800FE2AE6 /* ViewController.swift */ = {isa = PBXFileReference; lastKnownFileType = sourcecode.swift; path = ViewController.swift; sourceTree = "<group>"; };
		41268DE71A067E6800FE2AE6 /* Base */ = {isa = PBXFileReference; lastKnownFileType = file.storyboard; name = Base; path = Base.lproj/Main.storyboard; sourceTree = "<group>"; };
		41268DE91A067E6800FE2AE6 /* Images.xcassets */ = {isa = PBXFileReference; lastKnownFileType = folder.assetcatalog; path = Images.xcassets; sourceTree = "<group>"; };
		41268DEC1A067E6800FE2AE6 /* Base */ = {isa = PBXFileReference; lastKnownFileType = file.xib; name = Base; path = Base.lproj/LaunchScreen.xib; sourceTree = "<group>"; };
		41268DF21A067E6800FE2AE6 /* TheChosenOne-SwiftTests.xctest */ = {isa = PBXFileReference; explicitFileType = wrapper.cfbundle; includeInIndex = 0; path = "TheChosenOne-SwiftTests.xctest"; sourceTree = BUILT_PRODUCTS_DIR; };
		41268DF71A067E6800FE2AE6 /* Info.plist */ = {isa = PBXFileReference; lastKnownFileType = text.plist.xml; path = Info.plist; sourceTree = "<group>"; };
		41268DF81A067E6800FE2AE6 /* TheChosenOne_SwiftTests.swift */ = {isa = PBXFileReference; lastKnownFileType = sourcecode.swift; path = TheChosenOne_SwiftTests.swift; sourceTree = "<group>"; };
/* End PBXFileReference section */

/* Begin PBXFrameworksBuildPhase section */
		41268DDA1A067E6800FE2AE6 /* Frameworks */ = {
			isa = PBXFrameworksBuildPhase;
			buildActionMask = 2147483647;
			files = (
			);
			runOnlyForDeploymentPostprocessing = 0;
		};
		41268DEF1A067E6800FE2AE6 /* Frameworks */ = {
			isa = PBXFrameworksBuildPhase;
			buildActionMask = 2147483647;
			files = (
			);
			runOnlyForDeploymentPostprocessing = 0;
		};
/* End PBXFrameworksBuildPhase section */

/* Begin PBXGroup section */
		41268DD41A067E6800FE2AE6 = {
			isa = PBXGroup;
			children = (
				41268DDF1A067E6800FE2AE6 /* TheChosenOne-Swift */,
				41268DF51A067E6800FE2AE6 /* TheChosenOne-SwiftTests */,
				41268DDE1A067E6800FE2AE6 /* Products */,
			);
			sourceTree = "<group>";
		};
		41268DDE1A067E6800FE2AE6 /* Products */ = {
			isa = PBXGroup;
			children = (
				41268DDD1A067E6800FE2AE6 /* TheChosenOne-Swift.app */,
				41268DF21A067E6800FE2AE6 /* TheChosenOne-SwiftTests.xctest */,
			);
			name = Products;
			sourceTree = "<group>";
		};
		41268DDF1A067E6800FE2AE6 /* TheChosenOne-Swift */ = {
			isa = PBXGroup;
			children = (
				41268DE21A067E6800FE2AE6 /* AppDelegate.swift */,
				41268DE41A067E6800FE2AE6 /* ViewController.swift */,
				41268DE61A067E6800FE2AE6 /* Main.storyboard */,
				41268DE91A067E6800FE2AE6 /* Images.xcassets */,
				41268DEB1A067E6800FE2AE6 /* LaunchScreen.xib */,
				41268DE01A067E6800FE2AE6 /* Supporting Files */,
			);
			path = "TheChosenOne-Swift";
			sourceTree = "<group>";
		};
		41268DE01A067E6800FE2AE6 /* Supporting Files */ = {
			isa = PBXGroup;
			children = (
				41268DE11A067E6800FE2AE6 /* Info.plist */,
			);
			name = "Supporting Files";
			sourceTree = "<group>";
		};
		41268DF51A067E6800FE2AE6 /* TheChosenOne-SwiftTests */ = {
			isa = PBXGroup;
			children = (
				41268DF81A067E6800FE2AE6 /* TheChosenOne_SwiftTests.swift */,
				41268DF61A067E6800FE2AE6 /* Supporting Files */,
			);
			path = "TheChosenOne-SwiftTests";
			sourceTree = "<group>";
		};
		41268DF61A067E6800FE2AE6 /* Supporting Files */ = {
			isa = PBXGroup;
			children = (
				41268DF71A067E6800FE2AE6 /* Info.plist */,
			);
			name = "Supporting Files";
			sourceTree = "<group>";
		};
/* End PBXGroup section */

/* Begin PBXNativeTarget section */
		41268DDC1A067E6800FE2AE6 /* TheChosenOne-Swift */ = {
			isa = PBXNativeTarget;
			buildConfigurationList = 41268DFC1A067E6800FE2AE6 /* Build configuration list for PBXNativeTarget "TheChosenOne-Swift" */;
			buildPhases = (
				41268DD91A067E6800FE2AE6 /* Sources */,
				41268DDA1A067E6800FE2AE6 /* Frameworks */,
				41268DDB1A067E6800FE2AE6 /* Resources */,
			);
			buildRules = (
			);
			dependencies = (
			);
			name = "TheChosenOne-Swift";
			productName = "TheChosenOne-Swift";
			productReference = 41268DDD1A067E6800FE2AE6 /* TheChosenOne-Swift.app */;
			productType = "com.apple.product-type.application";
		};
		41268DF11A067E6800FE2AE6 /* TheChosenOne-SwiftTests */ = {
			isa = PBXNativeTarget;
			buildConfigurationList = 41268DFF1A067E6800FE2AE6 /* Build configuration list for PBXNativeTarget "TheChosenOne-SwiftTests" */;
			buildPhases = (
				41268DEE1A067E6800FE2AE6 /* Sources */,
				41268DEF1A067E6800FE2AE6 /* Frameworks */,
				41268DF01A067E6800FE2AE6 /* Resources */,
			);
			buildRules = (
			);
			dependencies = (
				41268DF41A067E6800FE2AE6 /* PBXTargetDependency */,
			);
			name = "TheChosenOne-SwiftTests";
			productName = "TheChosenOne-SwiftTests";
			productReference = 41268DF21A067E6800FE2AE6 /* TheChosenOne-SwiftTests.xctest */;
			productType = "com.apple.product-type.bundle.unit-test";
		};
/* End PBXNativeTarget section */

/* Begin PBXProject section */
		41268DD51A067E6800FE2AE6 /* Project object */ = {
			isa = PBXProject;
			attributes = {
				LastUpgradeCheck = 0610;
				ORGANIZATIONNAME = "Jian Yao Ang";
				TargetAttributes = {
					41268DDC1A067E6800FE2AE6 = {
						CreatedOnToolsVersion = 6.1;
					};
					41268DF11A067E6800FE2AE6 = {
						CreatedOnToolsVersion = 6.1;
						TestTargetID = 41268DDC1A067E6800FE2AE6;
					};
				};
			};
			buildConfigurationList = 41268DD81A067E6800FE2AE6 /* Build configuration list for PBXProject "TheChosenOne-Swift" */;
			compatibilityVersion = "Xcode 3.2";
			developmentRegion = English;
			hasScannedForEncodings = 0;
			knownRegions = (
				en,
				Base,
			);
			mainGroup = 41268DD41A067E6800FE2AE6;
			productRefGroup = 41268DDE1A067E6800FE2AE6 /* Products */;
			projectDirPath = "";
			projectRoot = "";
			targets = (
				41268DDC1A067E6800FE2AE6 /* TheChosenOne-Swift */,
				41268DF11A067E6800FE2AE6 /* TheChosenOne-SwiftTests */,
			);
		};
/* End PBXProject section */

/* Begin PBXResourcesBuildPhase section */
		41268DDB1A067E6800FE2AE6 /* Resources */ = {
			isa = PBXResourcesBuildPhase;
			buildActionMask = 2147483647;
			files = (
				41268DE81A067E6800FE2AE6 /* Main.storyboard in Resources */,
				41268DED1A067E6800FE2AE6 /* LaunchScreen.xib in Resources */,
				41268DEA1A067E6800FE2AE6 /* Images.xcassets in Resources */,
			);
			runOnlyForDeploymentPostprocessing = 0;
		};
		41268DF01A067E6800FE2AE6 /* Resources */ = {
			isa = PBXResourcesBuildPhase;
			buildActionMask = 2147483647;
			files = (
			);
			runOnlyForDeploymentPostprocessing = 0;
		};
/* End PBXResourcesBuildPhase section */

/* Begin PBXSourcesBuildPhase section */
		41268DD91A067E6800FE2AE6 /* Sources */ = {
			isa = PBXSourcesBuildPhase;
			buildActionMask = 2147483647;
			files = (
				41268DE51A067E6800FE2AE6 /* ViewController.swift in Sources */,
				41268DE31A067E6800FE2AE6 /* AppDelegate.swift in Sources */,
			);
			runOnlyForDeploymentPostprocessing = 0;
		};
		41268DEE1A067E6800FE2AE6 /* Sources */ = {
			isa = PBXSourcesBuildPhase;
			buildActionMask = 2147483647;
			files = (
				41268DF91A067E6800FE2AE6 /* TheChosenOne_SwiftTests.swift in Sources */,
			);
			runOnlyForDeploymentPostprocessing = 0;
		};
/* End PBXSourcesBuildPhase section */

/* Begin PBXTargetDependency section */
		41268DF41A067E6800FE2AE6 /* PBXTargetDependency */ = {
			isa = PBXTargetDependency;
			target = 41268DDC1A067E6800FE2AE6 /* TheChosenOne-Swift */;
			targetProxy = 41268DF31A067E6800FE2AE6 /* PBXContainerItemProxy */;
		};
/* End PBXTargetDependency section */

/* Begin PBXVariantGroup section */
		41268DE61A067E6800FE2AE6 /* Main.storyboard */ = {
			isa = PBXVariantGroup;
			children = (
				41268DE71A067E6800FE2AE6 /* Base */,
			);
			name = Main.storyboard;
			sourceTree = "<group>";
		};
		41268DEB1A067E6800FE2AE6 /* LaunchScreen.xib */ = {
			isa = PBXVariantGroup;
			children = (
				41268DEC1A067E6800FE2AE6 /* Base */,
			);
			name = LaunchScreen.xib;
			sourceTree = "<group>";
		};
/* End PBXVariantGroup section */

/* Begin XCBuildConfiguration section */
		41268DFA1A067E6800FE2AE6 /* Debug */ = {
			isa = XCBuildConfiguration;
			buildSettings = {
				ALWAYS_SEARCH_USER_PATHS = NO;
				CLANG_CXX_LANGUAGE_STANDARD = "gnu++0x";
				CLANG_CXX_LIBRARY = "libc++";
				CLANG_ENABLE_MODULES = YES;
				CLANG_ENABLE_OBJC_ARC = YES;
				CLANG_WARN_BOOL_CONVERSION = YES;
				CLANG_WARN_CONSTANT_CONVERSION = YES;
				CLANG_WARN_DIRECT_OBJC_ISA_USAGE = YES_ERROR;
				CLANG_WARN_EMPTY_BODY = YES;
				CLANG_WARN_ENUM_CONVERSION = YES;
				CLANG_WARN_INT_CONVERSION = YES;
				CLANG_WARN_OBJC_ROOT_CLASS = YES_ERROR;
				CLANG_WARN_UNREACHABLE_CODE = YES;
				CLANG_WARN__DUPLICATE_METHOD_MATCH = YES;
				"CODE_SIGN_IDENTITY[sdk=iphoneos*]" = "iPhone Developer";
				COPY_PHASE_STRIP = NO;
				ENABLE_STRICT_OBJC_MSGSEND = YES;
				GCC_C_LANGUAGE_STANDARD = gnu99;
				GCC_DYNAMIC_NO_PIC = NO;
				GCC_OPTIMIZATION_LEVEL = 0;
				GCC_PREPROCESSOR_DEFINITIONS = (
					"DEBUG=1",
					"$(inherited)",
				);
				GCC_SYMBOLS_PRIVATE_EXTERN = NO;
				GCC_WARN_64_TO_32_BIT_CONVERSION = YES;
				GCC_WARN_ABOUT_RETURN_TYPE = YES_ERROR;
				GCC_WARN_UNDECLARED_SELECTOR = YES;
				GCC_WARN_UNINITIALIZED_AUTOS = YES_AGGRESSIVE;
				GCC_WARN_UNUSED_FUNCTION = YES;
				GCC_WARN_UNUSED_VARIABLE = YES;
				IPHONEOS_DEPLOYMENT_TARGET = 8.1;
				MTL_ENABLE_DEBUG_INFO = YES;
				ONLY_ACTIVE_ARCH = YES;
				SDKROOT = iphoneos;
				SWIFT_OPTIMIZATION_LEVEL = "-Onone";
			};
			name = Debug;
		};
		41268DFB1A067E6800FE2AE6 /* Release */ = {
			isa = XCBuildConfiguration;
			buildSettings = {
				ALWAYS_SEARCH_USER_PATHS = NO;
				CLANG_CXX_LANGUAGE_STANDARD = "gnu++0x";
				CLANG_CXX_LIBRARY = "libc++";
				CLANG_ENABLE_MODULES = YES;
				CLANG_ENABLE_OBJC_ARC = YES;
				CLANG_WARN_BOOL_CONVERSION = YES;
				CLANG_WARN_CONSTANT_CONVERSION = YES;
				CLANG_WARN_DIRECT_OBJC_ISA_USAGE = YES_ERROR;
				CLANG_WARN_EMPTY_BODY = YES;
				CLANG_WARN_ENUM_CONVERSION = YES;
				CLANG_WARN_INT_CONVERSION = YES;
				CLANG_WARN_OBJC_ROOT_CLASS = YES_ERROR;
				CLANG_WARN_UNREACHABLE_CODE = YES;
				CLANG_WARN__DUPLICATE_METHOD_MATCH = YES;
				"CODE_SIGN_IDENTITY[sdk=iphoneos*]" = "iPhone Developer";
				COPY_PHASE_STRIP = YES;
				ENABLE_NS_ASSERTIONS = NO;
				ENABLE_STRICT_OBJC_MSGSEND = YES;
				GCC_C_LANGUAGE_STANDARD = gnu99;
				GCC_WARN_64_TO_32_BIT_CONVERSION = YES;
				GCC_WARN_ABOUT_RETURN_TYPE = YES_ERROR;
				GCC_WARN_UNDECLARED_SELECTOR = YES;
				GCC_WARN_UNINITIALIZED_AUTOS = YES_AGGRESSIVE;
				GCC_WARN_UNUSED_FUNCTION = YES;
				GCC_WARN_UNUSED_VARIABLE = YES;
				IPHONEOS_DEPLOYMENT_TARGET = 8.1;
				MTL_ENABLE_DEBUG_INFO = NO;
				SDKROOT = iphoneos;
				VALIDATE_PRODUCT = YES;
			};
			name = Release;
		};
		41268DFD1A067E6800FE2AE6 /* Debug */ = {
			isa = XCBuildConfiguration;
			buildSettings = {
				ASSETCATALOG_COMPILER_APPICON_NAME = AppIcon;
				INFOPLIST_FILE = "TheChosenOne-Swift/Info.plist";
				LD_RUNPATH_SEARCH_PATHS = "$(inherited) @executable_path/Frameworks";
				PRODUCT_NAME = "$(TARGET_NAME)";
			};
			name = Debug;
		};
		41268DFE1A067E6800FE2AE6 /* Release */ = {
			isa = XCBuildConfiguration;
			buildSettings = {
				ASSETCATALOG_COMPILER_APPICON_NAME = AppIcon;
				INFOPLIST_FILE = "TheChosenOne-Swift/Info.plist";
				LD_RUNPATH_SEARCH_PATHS = "$(inherited) @executable_path/Frameworks";
				PRODUCT_NAME = "$(TARGET_NAME)";
			};
			name = Release;
		};
		41268E001A067E6800FE2AE6 /* Debug */ = {
			isa = XCBuildConfiguration;
			buildSettings = {
				BUNDLE_LOADER = "$(TEST_HOST)";
				FRAMEWORK_SEARCH_PATHS = (
					"$(SDKROOT)/Developer/Library/Frameworks",
					"$(inherited)",
				);
				GCC_PREPROCESSOR_DEFINITIONS = (
					"DEBUG=1",
					"$(inherited)",
				);
				INFOPLIST_FILE = "TheChosenOne-SwiftTests/Info.plist";
				LD_RUNPATH_SEARCH_PATHS = "$(inherited) @executable_path/Frameworks @loader_path/Frameworks";
				PRODUCT_NAME = "$(TARGET_NAME)";
				TEST_HOST = "$(BUILT_PRODUCTS_DIR)/TheChosenOne-Swift.app/TheChosenOne-Swift";
			};
			name = Debug;
		};
		41268E011A067E6800FE2AE6 /* Release */ = {
			isa = XCBuildConfiguration;
			buildSettings = {
				BUNDLE_LOADER = "$(TEST_HOST)";
				FRAMEWORK_SEARCH_PATHS = (
					"$(SDKROOT)/Developer/Library/Frameworks",
					"$(inherited)",
				);
				INFOPLIST_FILE = "TheChosenOne-SwiftTests/Info.plist";
				LD_RUNPATH_SEARCH_PATHS = "$(inherited) @executable_path/Frameworks @loader_path/Frameworks";
				PRODUCT_NAME = "$(TARGET_NAME)";
				TEST_HOST = "$(BUILT_PRODUCTS_DIR)/TheChosenOne-Swift.app/TheChosenOne-Swift";
			};
			name = Release;
		};
/* End XCBuildConfiguration section */

/* Begin XCConfigurationList section */
		41268DD81A067E6800FE2AE6 /* Build configuration list for PBXProject "TheChosenOne-Swift" */ = {
			isa = XCConfigurationList;
			buildConfigurations = (
				41268DFA1A067E6800FE2AE6 /* Debug */,
				41268DFB1A067E6800FE2AE6 /* Release */,
			);
			defaultConfigurationIsVisible = 0;
			defaultConfigurationName = Release;
		};
		41268DFC1A067E6800FE2AE6 /* Build configuration list for PBXNativeTarget "TheChosenOne-Swift" */ = {
			isa = XCConfigurationList;
			buildConfigurations = (
				41268DFD1A067E6800FE2AE6 /* Debug */,
				41268DFE1A067E6800FE2AE6 /* Release */,
			);
			defaultConfigurationIsVisible = 0;
		};
		41268DFF1A067E6800FE2AE6 /* Build configuration list for PBXNativeTarget "TheChosenOne-SwiftTests" */ = {
			isa = XCConfigurationList;
			buildConfigurations = (
				41268E001A067E6800FE2AE6 /* Debug */,
				41268E011A067E6800FE2AE6 /* Release */,
			);
			defaultConfigurationIsVisible = 0;
		};
/* End XCConfigurationList section */
	};
	rootObject = 41268DD51A067E6800FE2AE6 /* Project object */;
}
